
Microsoft Visual Studio Solution File, Format Version 12.00
# Visual Studio 15
VisualStudioVersion = 15.0.28010.2003
MinimumVisualStudioVersion = 10.0.40219.1
Project("{8BC9CEB8-8B4A-11D0-8D11-00A0C91BC942}") = "RealTimeDRCPointsDisplayer", "RealTimeDRCPointsDisplayer\RealTimeDRCPointsDisplayer.vcxproj", "{D711C650-98C8-4FE2-B664-89299C14201C}"
EndProject
Global
	GlobalSection(SolutionConfigurationPlatforms) = preSolution
		Debug|x64 = Debug|x64
		Debug|x86 = Debug|x86
		Release|x64 = Release|x64
		Release|x86 = Release|x86
	EndGlobalSection
	GlobalSection(ProjectConfigurationPlatforms) = postSolution
		{D711C650-98C8-4FE2-B664-89299C14201C}.Debug|x64.ActiveCfg = Debug|x64
		{D711C650-98C8-4FE2-B664-89299C14201C}.Debug|x64.Build.0 = Debug|x64
		{D711C650-98C8-4FE2-B664-89299C14201C}.Debug|x86.ActiveCfg = Debug|Win32
		{D711C650-98C8-4FE2-B664-89299C14201C}.Debug|x86.Build.0 = Debug|Win32
		{D711C650-98C8-4FE2-B664-89299C14201C}.Release|x64.ActiveCfg = Release|x64
		{D711C650-98C8-4FE2-B664-89299C14201C}.Release|x64.Build.0 = Release|x64
		{D711C650-98C8-4FE2-B664-89299C14201C}.Release|x86.ActiveCfg = Release|Win32
		{D711C650-98C8-4FE2-B664-89299C14201C}.Release|x86.Build.0 = Release|Win32
	EndGlobalSection
	GlobalSection(SolutionProperties) = preSolution
		HideSolutionNode = FALSE
	EndGlobalSection
	GlobalSection(ExtensibilityGlobals) = postSolution
		SolutionGuid = {32147006-2998-49EB-9533-7B186682D478}
	EndGlobalSection
EndGlobal
